
Microsoft Visual Studio Solution File, Format Version 12.00
# Visual Studio Version 17
VisualStudioVersion = 17.3.32929.385
MinimumVisualStudioVersion = 10.0.40219.1
Project("{FAE04EC0-301F-11D3-BF4B-00C04F79EFBC}") = "UserDetails", "UserDetails.csproj", "{77BBC16E-51EA-4272-BB31-ACAA9F061840}"
EndProject
Global
	GlobalSection(SolutionConfigurationPlatforms) = preSolution
		Debug|Any CPU = Debug|Any CPU
		Release|Any CPU = Release|Any CPU
	EndGlobalSection
	GlobalSection(ProjectConfigurationPlatforms) = postSolution
		{77BBC16E-51EA-4272-BB31-ACAA9F061840}.Debug|Any CPU.ActiveCfg = Debug|Any CPU
		{77BBC16E-51EA-4272-BB31-ACAA9F061840}.Debug|Any CPU.Build.0 = Debug|Any CPU
		{77BBC16E-51EA-4272-BB31-ACAA9F061840}.Release|Any CPU.ActiveCfg = Release|Any CPU
		{77BBC16E-51EA-4272-BB31-ACAA9F061840}.Release|Any CPU.Build.0 = Release|Any CPU
	EndGlobalSection
	GlobalSection(SolutionProperties) = preSolution
		HideSolutionNode = FALSE
	EndGlobalSection
	GlobalSection(ExtensibilityGlobals) = postSolution
		SolutionGuid = {17A7036B-F7BB-47F7-8225-4750E8000DDD}
	EndGlobalSection
EndGlobal
